connectrpc.com/connect v1.21.0 h1:LhqSJt7jHf5NJBo9Jq/t/9FjcYAideif0mg+qe2jCUs=
connectrpc.com/connect v1.21.0/go.mod h1:A2ygJrukXwWy32vkCAAHNVguZrqZ+jeZ9rGRnGR4dN4=
github.com/coregx/signals v0.1.1 h1:YFDK5z35q2aSaJrVUEfuG31O5SpHqKyhadBnpUJrUko=
github.com/coregx/signals v0.1.1/go.mod h1:ZTFOeupJF6b73QmxLcDqbB0V2f0TWnCyVkQlA+gMIm4=
github.com/go-webgpu/goffi v0.6.3 h1:p4gKGikHBAQ/8iUiew9MV4C5M1ZGIsk8QGFGuJjMj+A=
github.com/go-webgpu/goffi v0.6.3/go.mod h1:wfoxNsJkU+5RFbV1kNN1kunhc1lFHuJKK3zpgx08/uM=
github.com/go-webgpu/webgpu v0.5.5 h1:pIrXzRg0LRlNjNmR+ZNo/ERN88YaObzbCY5oYhir5SA=
github.com/go-webgpu/webgpu v0.5.5/go.mod h1:vgIuNTa1UlZ4njCGY6Pmp/0c5T5o2Ml2fQ0znLc7B98=
github.com/gogpu/gg v0.52.3 h1:ID9lJOm0J1zlgpo/dPwgsGWBkXyXwZwlfKaCJOp4LBQ=
github.com/gogpu/gg v0.52.3/go.mod h1:2rjKl5sCJZEFmxq1sXEf+mYGEWYgCNKltg4aJEFGeCM=
github.com/gogpu/gogpu v0.53.0 h1:V+HMU+tJxw34LlfNzstUqXD9eXmyhrrBNmnrWxXR+o0=
github.com/gogpu/gogpu v0.53.0/go.mod h1:pUqsHA1Lo5qi4SNBYuJ1fyMqnwWMn3APHx6K63S3+mc=
github.com/gogpu/gpucontext v0.28.0 h1:W27+0PRnHLVRscDJ2L6r4B1JlaKjlV/EmL0Wxx8vGIc=
github.com/gogpu/gpucontext v0.28.0/go.mod h1:5rpKj+DpixgAFm8ArBXFXOZQRbeJSFncVMsqyyA9Rhc=
github.com/gogpu/gputypes v0.5.2 h1:3sbKI0+XW36Ekd3d4QhkbpdY7gbgMVgp8Q4+ZNdGhtE=
github.com/gogpu/gputypes v0.5.2/go.mod h1:cnXrDMwTpWTvJLW1Vreop3PcT6a2YP/i3s91rPaOavw=
github.com/gogpu/naga v0.18.0 h1:2y83HUcAnlwEZMuHOiYTMdNYM9J8rev40gkI4zJ96Uk=
github.com/gogpu/naga v0.18.0/go.mod h1:15sQaHKkbqXcwTN+hHYGLsA0WBBnkmYzne/eF5p5WEg=
github.com/gogpu/ui v0.1.54 h1:cZ54OlvyWQxCANWuQJp2fMk+DuRa7eVpvjiXZ1N6Fzs=
github.com/gogpu/ui v0.1.54/go.mod h1:FUJbZho6XeDp0xTuDuXFqcJgZ0nmyb4W5oCyF+24qBs=
github.com/gogpu/wgpu v0.31.4 h1:xSwVJuew9RyJsA9cjdw2plzCGyFjCcpq5MstCM+S1N0=
github.com/gogpu/wgpu v0.31.4/go.mod h1:r8z3uZOyjl95KXN1eyMxFnwwPMZ0yuBFrLFi8v37QGY=
github.com/google/go-cmp v0.7.0 h1:wk8382ETsv4JYUZwIsn6YpYiWiBsYLSJiTsyBybVuN8=
github.com/google/go-cmp v0.7.0/go.mod h1:pXiqmnSA92OHEEa9HXL2W4E7lf9JzCmGVUdgjX3N/iU=
golang.org/x/image v0.45.0 h1:FMb1nTbH5H9vF55SriQHgFw5GnNL9Jg6L25BwXKzhB0=
golang.org/x/image v0.45.0/go.mod h1:n62x/7RqlwXDvGsSU4u6IUTUf6KghUZ9Bt7cG/T9Fx4=
golang.org/x/net v0.59.0 h1:5zfYln+w5XCxwrnMMJPufRgNoXEaGxl0wo5GqPXyues=
golang.org/x/net v0.59.0/go.mod h1:2DA/G1UfVbCpQPeWTmMPGY7Cs2PkBkwu743bVX5PIVg=
golang.org/x/sys v0.48.0 h1:bbX/i/6MgT9BVLM9RT1thmxL04yeTAhbEz4SyadbXoo=
golang.org/x/sys v0.48.0/go.mod h1:hNLxWAXmnKAxqDtdwIYC4bM9oQPEecfsnNMuSxOs3og=
golang.org/x/text v0.42.0 h1:JbOZXgfeCPU9gacVtYliJqOhD+zhrEqK4LfdpmlUZqI=
golang.org/x/text v0.42.0/go.mod h1:ojzP1Z+2QtioaF8DTtO8K5q7JWVVYwZKenzujK0Zd0E=
google.golang.org/protobuf v1.36.12 h1:pJOKDDOyeXErUroCihFAd5LQuwXBSpVnKGrj5o/fwxc=
google.golang.org/protobuf v1.36.12/go.mod h1:HTf+CrKn2C3g5S8VImy6tdcUvCska2kB7j23XfzDpco=
